
Microsoft Visual Studio Solution File, Format Version 12.00
# Visual Studio 15
VisualStudioVersion = 15.0.28010.2036
MinimumVisualStudioVersion = 10.0.40219.1
Project("{FAE04EC0-301F-11D3-BF4B-00C04F79EFBC}") = "ConsoleApp1", "ConsoleApp1\ConsoleApp1.csproj", "{CCB91B86-6527-4EC4-9D5A-B2436F2A94A3}"
EndProject
Project("{FAE04EC0-301F-11D3-BF4B-00C04F79EFBC}") = "ClassLibrary", "ClassLibrary\ClassLibrary.csproj", "{FCCCF608-DFBD-48AA-B1F3-BCAECB1EC7C0}"
EndProject
Global
	GlobalSection(SolutionConfigurationPlatforms) = preSolution
		Debug|Any CPU = Debug|Any CPU
		Release|Any CPU = Release|Any CPU
	EndGlobalSection
	GlobalSection(ProjectConfigurationPlatforms) = postSolution
		{CCB91B86-6527-4EC4-9D5A-B2436F2A94A3}.Debug|Any CPU.ActiveCfg = Debug|Any CPU
		{CCB91B86-6527-4EC4-9D5A-B2436F2A94A3}.Debug|Any CPU.Build.0 = Debug|Any CPU
		{CCB91B86-6527-4EC4-9D5A-B2436F2A94A3}.Release|Any CPU.ActiveCfg = Release|Any CPU
		{CCB91B86-6527-4EC4-9D5A-B2436F2A94A3}.Release|Any CPU.Build.0 = Release|Any CPU
		{FCCCF608-DFBD-48AA-B1F3-BCAECB1EC7C0}.Debug|Any CPU.ActiveCfg = Debug|Any CPU
		{FCCCF608-DFBD-48AA-B1F3-BCAECB1EC7C0}.Debug|Any CPU.Build.0 = Debug|Any CPU
		{FCCCF608-DFBD-48AA-B1F3-BCAECB1EC7C0}.Release|Any CPU.ActiveCfg = Release|Any CPU
		{FCCCF608-DFBD-48AA-B1F3-BCAECB1EC7C0}.Release|Any CPU.Build.0 = Release|Any CPU
	EndGlobalSection
	GlobalSection(SolutionProperties) = preSolution
		HideSolutionNode = FALSE
	EndGlobalSection
	GlobalSection(ExtensibilityGlobals) = postSolution
		SolutionGuid = {25D9FF52-65C1-4B2C-8943-6A300FB5C0F6}
	EndGlobalSection
EndGlobal
